
Microsoft Visual Studio Solution File, Format Version 12.00
# Visual Studio Version 17
VisualStudioVersion = 17.0.32112.339
MinimumVisualStudioVersion = 10.0.40219.1
Project("{8BC9CEB8-8B4A-11D0-8D11-00A0C91BC942}") = "ConsoleApplication3", "ConsoleApplication3\ConsoleApplication3.vcxproj", "{B703F364-A5CB-4185-9561-C2AEA99F0D4A}"
EndProject
Global
	GlobalSection(SolutionConfigurationPlatforms) = preSolution
		Debug|x64 = Debug|x64
		Debug|x86 = Debug|x86
		Release|x64 = Release|x64
		Release|x86 = Release|x86
	EndGlobalSection
	GlobalSection(ProjectConfigurationPlatforms) = postSolution
		{B703F364-A5CB-4185-9561-C2AEA99F0D4A}.Debug|x64.ActiveCfg = Debug|x64
		{B703F364-A5CB-4185-9561-C2AEA99F0D4A}.Debug|x64.Build.0 = Debug|x64
		{B703F364-A5CB-4185-9561-C2AEA99F0D4A}.Debug|x86.ActiveCfg = Debug|Win32
		{B703F364-A5CB-4185-9561-C2AEA99F0D4A}.Debug|x86.Build.0 = Debug|Win32
		{B703F364-A5CB-4185-9561-C2AEA99F0D4A}.Release|x64.ActiveCfg = Release|x64
		{B703F364-A5CB-4185-9561-C2AEA99F0D4A}.Release|x64.Build.0 = Release|x64
		{B703F364-A5CB-4185-9561-C2AEA99F0D4A}.Release|x86.ActiveCfg = Release|Win32
		{B703F364-A5CB-4185-9561-C2AEA99F0D4A}.Release|x86.Build.0 = Release|Win32
	EndGlobalSection
	GlobalSection(SolutionProperties) = preSolution
		HideSolutionNode = FALSE
	EndGlobalSection
	GlobalSection(ExtensibilityGlobals) = postSolution
		SolutionGuid = {CB750B13-F7A3-4777-98E2-85395F31D007}
	EndGlobalSection
EndGlobal
